
Microsoft Visual Studio Solution File, Format Version 12.00
# Visual Studio 14
VisualStudioVersion = 14.0.25123.0
MinimumVisualStudioVersion = 10.0.40219.1
Project("{FAE04EC0-301F-11D3-BF4B-00C04F79EFBC}") = "Hastane.Entity", "Hastane.Entity\Hastane.Entity.csproj", "{23FE8866-F442-4EC2-9400-1CA2A8EC2E62}"
EndProject
Project("{FAE04EC0-301F-11D3-BF4B-00C04F79EFBC}") = "Hastane.WFA", "Hastane.WFA\Hastane.WFA.csproj", "{1C56933C-4848-4AA0-B1E5-2CE585E3C75C}"
EndProject
Global
	GlobalSection(SolutionConfigurationPlatforms) = preSolution
		Debug|Any CPU = Debug|Any CPU
		Release|Any CPU = Release|Any CPU
	EndGlobalSection
	GlobalSection(ProjectConfigurationPlatforms) = postSolution
		{23FE8866-F442-4EC2-9400-1CA2A8EC2E62}.Debug|Any CPU.ActiveCfg = Debug|Any CPU
		{23FE8866-F442-4EC2-9400-1CA2A8EC2E62}.Debug|Any CPU.Build.0 = Debug|Any CPU
		{23FE8866-F442-4EC2-9400-1CA2A8EC2E62}.Release|Any CPU.ActiveCfg = Release|Any CPU
		{23FE8866-F442-4EC2-9400-1CA2A8EC2E62}.Release|Any CPU.Build.0 = Release|Any CPU
		{1C56933C-4848-4AA0-B1E5-2CE585E3C75C}.Debug|Any CPU.ActiveCfg = Debug|Any CPU
		{1C56933C-4848-4AA0-B1E5-2CE585E3C75C}.Debug|Any CPU.Build.0 = Debug|Any CPU
		{1C56933C-4848-4AA0-B1E5-2CE585E3C75C}.Release|Any CPU.ActiveCfg = Release|Any CPU
		{1C56933C-4848-4AA0-B1E5-2CE585E3C75C}.Release|Any CPU.Build.0 = Release|Any CPU
	EndGlobalSection
	GlobalSection(SolutionProperties) = preSolution
		HideSolutionNode = FALSE
	EndGlobalSection
EndGlobal
